// !$*UTF8*$!
{
	archiveVersion = 1;
	classes = {
	};
	objectVersion = 56;
	objects = {

/* Begin PBXBuildFile section */
		F2871C902C1A6F930039D554 /* Appetizer.swift in Sources */ = {isa = PBXBuildFile; fileRef = F2871C8F2C1A6F930039D554 /* Appetizer.swift */; };
		F2871C922C1A8D2C0039D554 /* AppetizerListCell.swift in Sources */ = {isa = PBXBuildFile; fileRef = F2871C912C1A8D2C0039D554 /* AppetizerListCell.swift */; };
		F2871C942C1B4D400039D554 /* NetworkManager.swift in Sources */ = {isa = PBXBuildFile; fileRef = F2871C932C1B4D400039D554 /* NetworkManager.swift */; };
		F2871C962C1B4E9C0039D554 /* APError.swift in Sources */ = {isa = PBXBuildFile; fileRef = F2871C952C1B4E9C0039D554 /* APError.swift */; };
		F2871C982C1B567E0039D554 /* AppetizerListViewModel.swift in Sources */ = {isa = PBXBuildFile; fileRef = F2871C972C1B567E0039D554 /* AppetizerListViewModel.swift */; };
		F2871C9A2C1B85330039D554 /* Alert.swift in Sources */ = {isa = PBXBuildFile; fileRef = F2871C992C1B85330039D554 /* Alert.swift */; };
		F2871C9E2C1B8C150039D554 /* LoadingView.swift in Sources */ = {isa = PBXBuildFile; fileRef = F2871C9D2C1B8C150039D554 /* LoadingView.swift */; };
		F2871CA22C1C98160039D554 /* RemoteImage.swift in Sources */ = {isa = PBXBuildFile; fileRef = F2871CA12C1C98160039D554 /* RemoteImage.swift */; };
		F2871CB12C1CD35E0039D554 /* AppetizerdetailView.swift in Sources */ = {isa = PBXBuildFile; fileRef = F2871CB02C1CD35E0039D554 /* AppetizerdetailView.swift */; };
		F2871CB42C1CE28D0039D554 /* APButton.swift in Sources */ = {isa = PBXBuildFile; fileRef = F2871CB32C1CE28D0039D554 /* APButton.swift */; };
		F2871CB62C1CE3840039D554 /* XDismissButton.swift in Sources */ = {isa = PBXBuildFile; fileRef = F2871CB52C1CE3840039D554 /* XDismissButton.swift */; };
		F2871CB82C1CF6380039D554 /* AccountViewModel.swift in Sources */ = {isa = PBXBuildFile; fileRef = F2871CB72C1CF6380039D554 /* AccountViewModel.swift */; };
		F2871CBC2C1CF7AA0039D554 /* String+ExT.swift in Sources */ = {isa = PBXBuildFile; fileRef = F2871CBB2C1CF7AA0039D554 /* String+ExT.swift */; };
		F2871CBE2C1E4A6D0039D554 /* User.swift in Sources */ = {isa = PBXBuildFile; fileRef = F2871CBD2C1E4A6D0039D554 /* User.swift */; };
		F2871CC22C1E536D0039D554 /* EmptyState.swift in Sources */ = {isa = PBXBuildFile; fileRef = F2871CC12C1E536D0039D554 /* EmptyState.swift */; };
		F2871CC42C1E577B0039D554 /* Order.swift in Sources */ = {isa = PBXBuildFile; fileRef = F2871CC32C1E577B0039D554 /* Order.swift */; };
		F2AB762B2C1A64B600231347 /* AppetizersApp.swift in Sources */ = {isa = PBXBuildFile; fileRef = F2AB762A2C1A64B600231347 /* AppetizersApp.swift */; };
		F2AB762D2C1A64B600231347 /* AppetizerTabview.swift in Sources */ = {isa = PBXBuildFile; fileRef = F2AB762C2C1A64B600231347 /* AppetizerTabview.swift */; };
		F2AB762F2C1A64B700231347 /* Assets.xcassets in Resources */ = {isa = PBXBuildFile; fileRef = F2AB762E2C1A64B700231347 /* Assets.xcassets */; };
		F2AB76322C1A64B700231347 /* Preview Assets.xcassets in Resources */ = {isa = PBXBuildFile; fileRef = F2AB76312C1A64B700231347 /* Preview Assets.xcassets */; };
		F2AB76392C1A658A00231347 /* AppetizerListView.swift in Sources */ = {isa = PBXBuildFile; fileRef = F2AB76382C1A658A00231347 /* AppetizerListView.swift */; };
		F2AB763B2C1A659900231347 /* AccountView.swift in Sources */ = {isa = PBXBuildFile; fileRef = F2AB763A2C1A659900231347 /* AccountView.swift */; };
		F2AB763D2C1A65A500231347 /* OrderView.swift in Sources */ = {isa = PBXBuildFile; fileRef = F2AB763C2C1A65A500231347 /* OrderView.swift */; };
/* End PBXBuildFile section */

/* Begin PBXFileReference section */
		F2871C8F2C1A6F930039D554 /* Appetizer.swift */ = {isa = PBXFileReference; lastKnownFileType = sourcecode.swift; path = Appetizer.swift; sourceTree = "<group>"; };
		F2871C912C1A8D2C0039D554 /* AppetizerListCell.swift */ = {isa = PBXFileReference; lastKnownFileType = sourcecode.swift; path = AppetizerListCell.swift; sourceTree = "<group>"; };
		F2871C932C1B4D400039D554 /* NetworkManager.swift */ = {isa = PBXFileReference; lastKnownFileType = sourcecode.swift; path = NetworkManager.swift; sourceTree = "<group>"; };
		F2871C952C1B4E9C0039D554 /* APError.swift */ = {isa = PBXFileReference; lastKnownFileType = sourcecode.swift; path = APError.swift; sourceTree = "<group>"; };
		F2871C972C1B567E0039D554 /* AppetizerListViewModel.swift */ = {isa = PBXFileReference; lastKnownFileType = sourcecode.swift; path = AppetizerListViewModel.swift; sourceTree = "<group>"; };
		F2871C992C1B85330039D554 /* Alert.swift */ = {isa = PBXFileReference; lastKnownFileType = sourcecode.swift; path = Alert.swift; sourceTree = "<group>"; };
		F2871C9D2C1B8C150039D554 /* LoadingView.swift */ = {isa = PBXFileReference; lastKnownFileType = sourcecode.swift; path = LoadingView.swift; sourceTree = "<group>"; };
		F2871CA12C1C98160039D554 /* RemoteImage.swift */ = {isa = PBXFileReference; lastKnownFileType = sourcecode.swift; path = RemoteImage.swift; sourceTree = "<group>"; };
		F2871CB02C1CD35E0039D554 /* AppetizerdetailView.swift */ = {isa = PBXFileReference; lastKnownFileType = sourcecode.swift; path = AppetizerdetailView.swift; sourceTree = "<group>"; };
		F2871CB32C1CE28D0039D554 /* APButton.swift */ = {isa = PBXFileReference; lastKnownFileType = sourcecode.swift; path = APButton.swift; sourceTree = "<group>"; };
		F2871CB52C1CE3840039D554 /* XDismissButton.swift */ = {isa = PBXFileReference; lastKnownFileType = sourcecode.swift; path = XDismissButton.swift; sourceTree = "<group>"; };
		F2871CB72C1CF6380039D554 /* AccountViewModel.swift */ = {isa = PBXFileReference; lastKnownFileType = sourcecode.swift; path = AccountViewModel.swift; sourceTree = "<group>"; };
		F2871CBB2C1CF7AA0039D554 /* String+ExT.swift */ = {isa = PBXFileReference; lastKnownFileType = sourcecode.swift; path = "String+ExT.swift"; sourceTree = "<group>"; };
		F2871CBD2C1E4A6D0039D554 /* User.swift */ = {isa = PBXFileReference; lastKnownFileType = sourcecode.swift; path = User.swift; sourceTree = "<group>"; };
		F2871CC12C1E536D0039D554 /* EmptyState.swift */ = {isa = PBXFileReference; lastKnownFileType = sourcecode.swift; path = EmptyState.swift; sourceTree = "<group>"; };
		F2871CC32C1E577B0039D554 /* Order.swift */ = {isa = PBXFileReference; lastKnownFileType = sourcecode.swift; path = Order.swift; sourceTree = "<group>"; };
		F2AB76272C1A64B600231347 /* Appetizers.app */ = {isa = PBXFileReference; explicitFileType = wrapper.application; includeInIndex = 0; path = Appetizers.app; sourceTree = BUILT_PRODUCTS_DIR; };
		F2AB762A2C1A64B600231347 /* AppetizersApp.swift */ = {isa = PBXFileReference; lastKnownFileType = sourcecode.swift; path = AppetizersApp.swift; sourceTree = "<group>"; };
		F2AB762C2C1A64B600231347 /* AppetizerTabview.swift */ = {isa = PBXFileReference; lastKnownFileType = sourcecode.swift; path = AppetizerTabview.swift; sourceTree = "<group>"; };
		F2AB762E2C1A64B700231347 /* Assets.xcassets */ = {isa = PBXFileReference; lastKnownFileType = folder.assetcatalog; path = Assets.xcassets; sourceTree = "<group>"; };
		F2AB76312C1A64B700231347 /* Preview Assets.xcassets */ = {isa = PBXFileReference; lastKnownFileType = folder.assetcatalog; path = "Preview Assets.xcassets"; sourceTree = "<group>"; };
		F2AB76382C1A658A00231347 /* AppetizerListView.swift */ = {isa = PBXFileReference; lastKnownFileType = sourcecode.swift; path = AppetizerListView.swift; sourceTree = "<group>"; };
		F2AB763A2C1A659900231347 /* AccountView.swift */ = {isa = PBXFileReference; lastKnownFileType = sourcecode.swift; path = AccountView.swift; sourceTree = "<group>"; };
		F2AB763C2C1A65A500231347 /* OrderView.swift */ = {isa = PBXFileReference; lastKnownFileType = sourcecode.swift; path = OrderView.swift; sourceTree = "<group>"; };
/* End PBXFileReference section */

/* Begin PBXFrameworksBuildPhase section */
		F2AB76242C1A64B600231347 /* Frameworks */ = {
			isa = PBXFrameworksBuildPhase;
			buildActionMask = 2147483647;
			files = (
			);
			runOnlyForDeploymentPostprocessing = 0;
		};
/* End PBXFrameworksBuildPhase section */

/* Begin PBXGroup section */
		F2871CA32C1C9F580039D554 /* Screens */ = {
			isa = PBXGroup;
			children = (
				F2AB762C2C1A64B600231347 /* AppetizerTabview.swift */,
				F2871CA52C1C9F710039D554 /* AccountView */,
				F2871CA62C1C9F7D0039D554 /* OrderView */,
				F2871CA42C1C9F650039D554 /* AppetizerListView */,
			);
			path = Screens;
			sourceTree = "<group>";
		};
		F2871CA42C1C9F650039D554 /* AppetizerListView */ = {
			isa = PBXGroup;
			children = (
				F2871C972C1B567E0039D554 /* AppetizerListViewModel.swift */,
				F2AB76382C1A658A00231347 /* AppetizerListView.swift */,
				F2871CB02C1CD35E0039D554 /* AppetizerdetailView.swift */,
			);
			path = AppetizerListView;
			sourceTree = "<group>";
		};
		F2871CA52C1C9F710039D554 /* AccountView */ = {
			isa = PBXGroup;
			children = (
				F2871CB72C1CF6380039D554 /* AccountViewModel.swift */,
				F2AB763A2C1A659900231347 /* AccountView.swift */,
			);
			path = AccountView;
			sourceTree = "<group>";
		};
		F2871CA62C1C9F7D0039D554 /* OrderView */ = {
			isa = PBXGroup;
			children = (
				F2AB763C2C1A65A500231347 /* OrderView.swift */,
			);
			path = OrderView;
			sourceTree = "<group>";
		};
		F2871CA72C1C9FB70039D554 /* Utilities */ = {
			isa = PBXGroup;
			children = (
				F2871CAA2C1C9FDC0039D554 /* Alerts */,
				F2871CA92C1C9FCA0039D554 /* Extensions */,
				F2871CA82C1C9FC00039D554 /* Managers */,
			);
			path = Utilities;
			sourceTree = "<group>";
		};
		F2871CA82C1C9FC00039D554 /* Managers */ = {
			isa = PBXGroup;
			children = (
				F2871C932C1B4D400039D554 /* NetworkManager.swift */,
			);
			path = Managers;
			sourceTree = "<group>";
		};
		F2871CA92C1C9FCA0039D554 /* Extensions */ = {
			isa = PBXGroup;
			children = (
				F2871CBB2C1CF7AA0039D554 /* String+ExT.swift */,
			);
			path = Extensions;
			sourceTree = "<group>";
		};
		F2871CAA2C1C9FDC0039D554 /* Alerts */ = {
			isa = PBXGroup;
			children = (
				F2871C992C1B85330039D554 /* Alert.swift */,
				F2871C952C1B4E9C0039D554 /* APError.swift */,
			);
			path = Alerts;
			sourceTree = "<group>";
		};
		F2871CAB2C1CA0280039D554 /* Model */ = {
			isa = PBXGroup;
			children = (
				F2871C8F2C1A6F930039D554 /* Appetizer.swift */,
				F2871CBD2C1E4A6D0039D554 /* User.swift */,
				F2871CC32C1E577B0039D554 /* Order.swift */,
			);
			path = Model;
			sourceTree = "<group>";
		};
		F2871CAC2C1CA0510039D554 /* Views */ = {
			isa = PBXGroup;
			children = (
				F2871CB22C1CE2800039D554 /* Buttons */,
				F2871CAF2C1CA07B0039D554 /* Image */,
				F2871CAE2C1CA0720039D554 /* Cells */,
				F2871CAD2C1CA05B0039D554 /* UIKit Components */,
				F2871CC12C1E536D0039D554 /* EmptyState.swift */,
			);
			path = Views;
			sourceTree = "<group>";
		};
		F2871CAD2C1CA05B0039D554 /* UIKit Components */ = {
			isa = PBXGroup;
			children = (
				F2871C9D2C1B8C150039D554 /* LoadingView.swift */,
			);
			path = "UIKit Components";
			sourceTree = "<group>";
		};
		F2871CAE2C1CA0720039D554 /* Cells */ = {
			isa = PBXGroup;
			children = (
				F2871C912C1A8D2C0039D554 /* AppetizerListCell.swift */,
			);
			path = Cells;
			sourceTree = "<group>";
		};
		F2871CAF2C1CA07B0039D554 /* Image */ = {
			isa = PBXGroup;
			children = (
				F2871CA12C1C98160039D554 /* RemoteImage.swift */,
			);
			path = Image;
			sourceTree = "<group>";
		};
		F2871CB22C1CE2800039D554 /* Buttons */ = {
			isa = PBXGroup;
			children = (
				F2871CB32C1CE28D0039D554 /* APButton.swift */,
				F2871CB52C1CE3840039D554 /* XDismissButton.swift */,
			);
			path = Buttons;
			sourceTree = "<group>";
		};
		F2AB761E2C1A64B600231347 = {
			isa = PBXGroup;
			children = (
				F2AB76292C1A64B600231347 /* Appetizers */,
				F2AB76282C1A64B600231347 /* Products */,
			);
			sourceTree = "<group>";
		};
		F2AB76282C1A64B600231347 /* Products */ = {
			isa = PBXGroup;
			children = (
				F2AB76272C1A64B600231347 /* Appetizers.app */,
			);
			name = Products;
			sourceTree = "<group>";
		};
		F2AB76292C1A64B600231347 /* Appetizers */ = {
			isa = PBXGroup;
			children = (
				F2AB762A2C1A64B600231347 /* AppetizersApp.swift */,
				F2871CAC2C1CA0510039D554 /* Views */,
				F2871CAB2C1CA0280039D554 /* Model */,
				F2871CA72C1C9FB70039D554 /* Utilities */,
				F2871CA32C1C9F580039D554 /* Screens */,
				F2AB762E2C1A64B700231347 /* Assets.xcassets */,
				F2AB76302C1A64B700231347 /* Preview Content */,
			);
			path = Appetizers;
			sourceTree = "<group>";
		};
		F2AB76302C1A64B700231347 /* Preview Content */ = {
			isa = PBXGroup;
			children = (
				F2AB76312C1A64B700231347 /* Preview Assets.xcassets */,
			);
			path = "Preview Content";
			sourceTree = "<group>";
		};
/* End PBXGroup section */

/* Begin PBXNativeTarget section */
		F2AB76262C1A64B600231347 /* Appetizers */ = {
			isa = PBXNativeTarget;
			buildConfigurationList = F2AB76352C1A64B700231347 /* Build configuration list for PBXNativeTarget "Appetizers" */;
			buildPhases = (
				F2AB76232C1A64B600231347 /* Sources */,
				F2AB76242C1A64B600231347 /* Frameworks */,
				F2AB76252C1A64B600231347 /* Resources */,
			);
			buildRules = (
			);
			dependencies = (
			);
			name = Appetizers;
			productName = Appetizers;
			productReference = F2AB76272C1A64B600231347 /* Appetizers.app */;
			productType = "com.apple.product-type.application";
		};
/* End PBXNativeTarget section */

/* Begin PBXProject section */
		F2AB761F2C1A64B600231347 /* Project object */ = {
			isa = PBXProject;
			attributes = {
				BuildIndependentTargetsInParallel = 1;
				LastSwiftUpdateCheck = 1540;
				LastUpgradeCheck = 1540;
				TargetAttributes = {
					F2AB76262C1A64B600231347 = {
						CreatedOnToolsVersion = 15.4;
					};
				};
			};
			buildConfigurationList = F2AB76222C1A64B600231347 /* Build configuration list for PBXProject "Appetizers" */;
			compatibilityVersion = "Xcode 14.0";
			developmentRegion = en;
			hasScannedForEncodings = 0;
			knownRegions = (
				en,
				Base,
			);
			mainGroup = F2AB761E2C1A64B600231347;
			productRefGroup = F2AB76282C1A64B600231347 /* Products */;
			projectDirPath = "";
			projectRoot = "";
			targets = (
				F2AB76262C1A64B600231347 /* Appetizers */,
			);
		};
/* End PBXProject section */

/* Begin PBXResourcesBuildPhase section */
		F2AB76252C1A64B600231347 /* Resources */ = {
			isa = PBXResourcesBuildPhase;
			buildActionMask = 2147483647;
			files = (
				F2AB76322C1A64B700231347 /* Preview Assets.xcassets in Resources */,
				F2AB762F2C1A64B700231347 /* Assets.xcassets in Resources */,
			);
			runOnlyForDeploymentPostprocessing = 0;
		};
/* End PBXResourcesBuildPhase section */

/* Begin PBXSourcesBuildPhase section */
		F2AB76232C1A64B600231347 /* Sources */ = {
			isa = PBXSourcesBuildPhase;
			buildActionMask = 2147483647;
			files = (
				F2871C902C1A6F930039D554 /* Appetizer.swift in Sources */,
				F2871C962C1B4E9C0039D554 /* APError.swift in Sources */,
				F2871CB42C1CE28D0039D554 /* APButton.swift in Sources */,
				F2871CB12C1CD35E0039D554 /* AppetizerdetailView.swift in Sources */,
				F2871C922C1A8D2C0039D554 /* AppetizerListCell.swift in Sources */,
				F2871C982C1B567E0039D554 /* AppetizerListViewModel.swift in Sources */,
				F2871CC42C1E577B0039D554 /* Order.swift in Sources */,
				F2AB763B2C1A659900231347 /* AccountView.swift in Sources */,
				F2871CC22C1E536D0039D554 /* EmptyState.swift in Sources */,
				F2871C9E2C1B8C150039D554 /* LoadingView.swift in Sources */,
				F2871CA22C1C98160039D554 /* RemoteImage.swift in Sources */,
				F2AB762D2C1A64B600231347 /* AppetizerTabview.swift in Sources */,
				F2871C942C1B4D400039D554 /* NetworkManager.swift in Sources */,
				F2AB762B2C1A64B600231347 /* AppetizersApp.swift in Sources */,
				F2871C9A2C1B85330039D554 /* Alert.swift in Sources */,
				F2AB76392C1A658A00231347 /* AppetizerListView.swift in Sources */,
				F2AB763D2C1A65A500231347 /* OrderView.swift in Sources */,
				F2871CB82C1CF6380039D554 /* AccountViewModel.swift in Sources */,
				F2871CBC2C1CF7AA0039D554 /* String+ExT.swift in Sources */,
				F2871CB62C1CE3840039D554 /* XDismissButton.swift in Sources */,
				F2871CBE2C1E4A6D0039D554 /* User.swift in Sources */,
			);
			runOnlyForDeploymentPostprocessing = 0;
		};
/* End PBXSourcesBuildPhase section */

/* Begin XCBuildConfiguration section */
		F2AB76332C1A64B700231347 /* Debug */ = {
			isa = XCBuildConfiguration;
			buildSettings = {
				ALWAYS_SEARCH_USER_PATHS = NO;
				ASSETCATALOG_COMPILER_GENERATE_SWIFT_ASSET_SYMBOL_EXTENSIONS = YES;
				CLANG_ANALYZER_NONNULL = YES;
				CLANG_ANALYZER_NUMBER_OBJECT_CONVERSION = YES_AGGRESSIVE;
				CLANG_CXX_LANGUAGE_STANDARD = "gnu++20";
				CLANG_ENABLE_MODULES = YES;
				CLANG_ENABLE_OBJC_ARC = YES;
				CLANG_ENABLE_OBJC_WEAK = YES;
				CLANG_WARN_BLOCK_CAPTURE_AUTORELEASING = YES;
				CLANG_WARN_BOOL_CONVERSION = YES;
				CLANG_WARN_COMMA = YES;
				CLANG_WARN_CONSTANT_CONVERSION = YES;
				CLANG_WARN_DEPRECATED_OBJC_IMPLEMENTATIONS = YES;
				CLANG_WARN_DIRECT_OBJC_ISA_USAGE = YES_ERROR;
				CLANG_WARN_DOCUMENTATION_COMMENTS = YES;
				CLANG_WARN_EMPTY_BODY = YES;
				CLANG_WARN_ENUM_CONVERSION = YES;
				CLANG_WARN_INFINITE_RECURSION = YES;
				CLANG_WARN_INT_CONVERSION = YES;
				CLANG_WARN_NON_LITERAL_NULL_CONVERSION = YES;
				CLANG_WARN_OBJC_IMPLICIT_RETAIN_SELF = YES;
				CLANG_WARN_OBJC_LITERAL_CONVERSION = YES;
				CLANG_WARN_OBJC_ROOT_CLASS = YES_ERROR;
				CLANG_WARN_QUOTED_INCLUDE_IN_FRAMEWORK_HEADER = YES;
				CLANG_WARN_RANGE_LOOP_ANALYSIS = YES;
				CLANG_WARN_STRICT_PROTOTYPES = YES;
				CLANG_WARN_SUSPICIOUS_MOVE = YES;
				CLANG_WARN_UNGUARDED_AVAILABILITY = YES_AGGRESSIVE;
				CLANG_WARN_UNREACHABLE_CODE = YES;
				CLANG_WARN__DUPLICATE_METHOD_MATCH = YES;
				COPY_PHASE_STRIP = NO;
				DEBUG_INFORMATION_FORMAT = dwarf;
				ENABLE_STRICT_OBJC_MSGSEND = YES;
				ENABLE_TESTABILITY = YES;
				ENABLE_USER_SCRIPT_SANDBOXING = YES;
				GCC_C_LANGUAGE_STANDARD = gnu17;
				GCC_DYNAMIC_NO_PIC = NO;
				GCC_NO_COMMON_BLOCKS = YES;
				GCC_OPTIMIZATION_LEVEL = 0;
				GCC_PREPROCESSOR_DEFINITIONS = (
					"DEBUG=1",
					"$(inherited)",
				);
				GCC_WARN_64_TO_32_BIT_CONVERSION = YES;
				GCC_WARN_ABOUT_RETURN_TYPE = YES_ERROR;
				GCC_WARN_UNDECLARED_SELECTOR = YES;
				GCC_WARN_UNINITIALIZED_AUTOS = YES_AGGRESSIVE;
				GCC_WARN_UNUSED_FUNCTION = YES;
				GCC_WARN_UNUSED_VARIABLE = YES;
				IPHONEOS_DEPLOYMENT_TARGET = 17.5;
				LOCALIZATION_PREFERS_STRING_CATALOGS = YES;
				MTL_ENABLE_DEBUG_INFO = INCLUDE_SOURCE;
				MTL_FAST_MATH = YES;
				ONLY_ACTIVE_ARCH = YES;
				SDKROOT = iphoneos;
				SWIFT_ACTIVE_COMPILATION_CONDITIONS = "DEBUG $(inherited)";
				SWIFT_OPTIMIZATION_LEVEL = "-Onone";
			};
			name = Debug;
		};
		F2AB76342C1A64B700231347 /* Release */ = {
			isa = XCBuildConfiguration;
			buildSettings = {
				ALWAYS_SEARCH_USER_PATHS = NO;
				ASSETCATALOG_COMPILER_GENERATE_SWIFT_ASSET_SYMBOL_EXTENSIONS = YES;
				CLANG_ANALYZER_NONNULL = YES;
				CLANG_ANALYZER_NUMBER_OBJECT_CONVERSION = YES_AGGRESSIVE;
				CLANG_CXX_LANGUAGE_STANDARD = "gnu++20";
				CLANG_ENABLE_MODULES = YES;
				CLANG_ENABLE_OBJC_ARC = YES;
				CLANG_ENABLE_OBJC_WEAK = YES;
				CLANG_WARN_BLOCK_CAPTURE_AUTORELEASING = YES;
				CLANG_WARN_BOOL_CONVERSION = YES;
				CLANG_WARN_COMMA = YES;
				CLANG_WARN_CONSTANT_CONVERSION = YES;
				CLANG_WARN_DEPRECATED_OBJC_IMPLEMENTATIONS = YES;
				CLANG_WARN_DIRECT_OBJC_ISA_USAGE = YES_ERROR;
				CLANG_WARN_DOCUMENTATION_COMMENTS = YES;
				CLANG_WARN_EMPTY_BODY = YES;
				CLANG_WARN_ENUM_CONVERSION = YES;
				CLANG_WARN_INFINITE_RECURSION = YES;
				CLANG_WARN_INT_CONVERSION = YES;
				CLANG_WARN_NON_LITERAL_NULL_CONVERSION = YES;
				CLANG_WARN_OBJC_IMPLICIT_RETAIN_SELF = YES;
				CLANG_WARN_OBJC_LITERAL_CONVERSION = YES;
				CLANG_WARN_OBJC_ROOT_CLASS = YES_ERROR;
				CLANG_WARN_QUOTED_INCLUDE_IN_FRAMEWORK_HEADER = YES;
				CLANG_WARN_RANGE_LOOP_ANALYSIS = YES;
				CLANG_WARN_STRICT_PROTOTYPES = YES;
				CLANG_WARN_SUSPICIOUS_MOVE = YES;
				CLANG_WARN_UNGUARDED_AVAILABILITY = YES_AGGRESSIVE;
				CLANG_WARN_UNREACHABLE_CODE = YES;
				CLANG_WARN__DUPLICATE_METHOD_MATCH = YES;
				COPY_PHASE_STRIP = NO;
				DEBUG_INFORMATION_FORMAT = "dwarf-with-dsym";
				ENABLE_NS_ASSERTIONS = NO;
				ENABLE_STRICT_OBJC_MSGSEND = YES;
				ENABLE_USER_SCRIPT_SANDBOXING = YES;
				GCC_C_LANGUAGE_STANDARD = gnu17;
				GCC_NO_COMMON_BLOCKS = YES;
				GCC_WARN_64_TO_32_BIT_CONVERSION = YES;
				GCC_WARN_ABOUT_RETURN_TYPE = YES_ERROR;
				GCC_WARN_UNDECLARED_SELECTOR = YES;
				GCC_WARN_UNINITIALIZED_AUTOS = YES_AGGRESSIVE;
				GCC_WARN_UNUSED_FUNCTION = YES;
				GCC_WARN_UNUSED_VARIABLE = YES;
				IPHONEOS_DEPLOYMENT_TARGET = 17.5;
				LOCALIZATION_PREFERS_STRING_CATALOGS = YES;
				MTL_ENABLE_DEBUG_INFO = NO;
				MTL_FAST_MATH = YES;
				SDKROOT = iphoneos;
				SWIFT_COMPILATION_MODE = wholemodule;
				VALIDATE_PRODUCT = YES;
			};
			name = Release;
		};
		F2AB76362C1A64B700231347 /* Debug */ = {
			isa = XCBuildConfiguration;
			buildSettings = {
				ASSETCATALOG_COMPILER_APPICON_NAME = AppIcon;
				ASSETCATALOG_COMPILER_GLOBAL_ACCENT_COLOR_NAME = AccentColor;
				CODE_SIGN_STYLE = Automatic;
				CURRENT_PROJECT_VERSION = 1;
				DEVELOPMENT_ASSET_PATHS = "\"Appetizers/Preview Content\"";
				DEVELOPMENT_TEAM = 7XT8C286F8;
				ENABLE_PREVIEWS = YES;
				GENERATE_INFOPLIST_FILE = YES;
				INFOPLIST_KEY_UIApplicationSceneManifest_Generation = YES;
				INFOPLIST_KEY_UIApplicationSupportsIndirectInputEvents = YES;
				INFOPLIST_KEY_UILaunchScreen_Generation = YES;
				INFOPLIST_KEY_UISupportedInterfaceOrientations_iPad = "UIInterfaceOrientationPortrait UIInterfaceOrientationPortraitUpsideDown UIInterfaceOrientationLandscapeLeft UIInterfaceOrientationLandscapeRight";
				INFOPLIST_KEY_UISupportedInterfaceOrientations_iPhone = "UIInterfaceOrientationPortrait UIInterfaceOrientationLandscapeLeft UIInterfaceOrientationLandscapeRight";
				LD_RUNPATH_SEARCH_PATHS = (
					"$(inherited)",
					"@executable_path/Frameworks",
				);
				MARKETING_VERSION = 1.0;
				PRODUCT_BUNDLE_IDENTIFIER = com.jasonfangworks.Appetizers;
				PRODUCT_NAME = "$(TARGET_NAME)";
				SWIFT_EMIT_LOC_STRINGS = YES;
				SWIFT_VERSION = 5.0;
				TARGETED_DEVICE_FAMILY = "1,2";
			};
			name = Debug;
		};
		F2AB76372C1A64B700231347 /* Release */ = {
			isa = XCBuildConfiguration;
			buildSettings = {
				ASSETCATALOG_COMPILER_APPICON_NAME = AppIcon;
				ASSETCATALOG_COMPILER_GLOBAL_ACCENT_COLOR_NAME = AccentColor;
				CODE_SIGN_STYLE = Automatic;
				CURRENT_PROJECT_VERSION = 1;
				DEVELOPMENT_ASSET_PATHS = "\"Appetizers/Preview Content\"";
				DEVELOPMENT_TEAM = 7XT8C286F8;
				ENABLE_PREVIEWS = YES;
				GENERATE_INFOPLIST_FILE = YES;
				INFOPLIST_KEY_UIApplicationSceneManifest_Generation = YES;
				INFOPLIST_KEY_UIApplicationSupportsIndirectInputEvents = YES;
				INFOPLIST_KEY_UILaunchScreen_Generation = YES;
				INFOPLIST_KEY_UISupportedInterfaceOrientations_iPad = "UIInterfaceOrientationPortrait UIInterfaceOrientationPortraitUpsideDown UIInterfaceOrientationLandscapeLeft UIInterfaceOrientationLandscapeRight";
				INFOPLIST_KEY_UISupportedInterfaceOrientations_iPhone = "UIInterfaceOrientationPortrait UIInterfaceOrientationLandscapeLeft UIInterfaceOrientationLandscapeRight";
				LD_RUNPATH_SEARCH_PATHS = (
					"$(inherited)",
					"@executable_path/Frameworks",
				);
				MARKETING_VERSION = 1.0;
				PRODUCT_BUNDLE_IDENTIFIER = com.jasonfangworks.Appetizers;
				PRODUCT_NAME = "$(TARGET_NAME)";
				SWIFT_EMIT_LOC_STRINGS = YES;
				SWIFT_VERSION = 5.0;
				TARGETED_DEVICE_FAMILY = "1,2";
			};
			name = Release;
		};
/* End XCBuildConfiguration section */

/* Begin XCConfigurationList section */
		F2AB76222C1A64B600231347 /* Build configuration list for PBXProject "Appetizers" */ = {
			isa = XCConfigurationList;
			buildConfigurations = (
				F2AB76332C1A64B700231347 /* Debug */,
				F2AB76342C1A64B700231347 /* Release */,
			);
			defaultConfigurationIsVisible = 0;
			defaultConfigurationName = Release;
		};
		F2AB76352C1A64B700231347 /* Build configuration list for PBXNativeTarget "Appetizers" */ = {
			isa = XCConfigurationList;
			buildConfigurations = (
				F2AB76362C1A64B700231347 /* Debug */,
				F2AB76372C1A64B700231347 /* Release */,
			);
			defaultConfigurationIsVisible = 0;
			defaultConfigurationName = Release;
		};
/* End XCConfigurationList section */
	};
	rootObject = F2AB761F2C1A64B600231347 /* Project object */;
}
